
Microsoft Visual Studio Solution File, Format Version 12.00
# Visual Studio Version 16
VisualStudioVersion = 16.0.31005.135
MinimumVisualStudioVersion = 10.0.40219.1
Project("{9A19103F-16F7-4668-BE54-9A1E7A4F7556}") = "ParcordREBot", "ParcordREBot.csproj", "{EA2B9660-DAD5-43E9-A657-3F70886199FD}"
EndProject
Global
	GlobalSection(SolutionConfigurationPlatforms) = preSolution
		Debug|Any CPU = Debug|Any CPU
		Release|Any CPU = Release|Any CPU
	EndGlobalSection
	GlobalSection(ProjectConfigurationPlatforms) = postSolution
		{EA2B9660-DAD5-43E9-A657-3F70886199FD}.Debug|Any CPU.ActiveCfg = Debug|Any CPU
		{EA2B9660-DAD5-43E9-A657-3F70886199FD}.Debug|Any CPU.Build.0 = Debug|Any CPU
		{EA2B9660-DAD5-43E9-A657-3F70886199FD}.Release|Any CPU.ActiveCfg = Release|Any CPU
		{EA2B9660-DAD5-43E9-A657-3F70886199FD}.Release|Any CPU.Build.0 = Release|Any CPU
	EndGlobalSection
	GlobalSection(SolutionProperties) = preSolution
		HideSolutionNode = FALSE
	EndGlobalSection
	GlobalSection(ExtensibilityGlobals) = postSolution
		SolutionGuid = {0F94ED9F-2C2F-415D-A309-D1CB51183C85}
	EndGlobalSection
EndGlobal
